{
  "version": 4,
  "terraform_version": "1.14.6",
  "serial": 24,
  "lineage": "cf5cee6e-3dad-3aae-b2cf-ae16bf35a733",
  "outputs": {
    "bastion_command": {
      "value": "gcloud compute ssh gke-bastion --zone eu-west-1-a --tunnel-through-iap",
      "type": "string"
    },
    "cluster_name": {
      "value": "agent-engine-cluster",
      "type": "string"
    }
  },
  "resources": [
    {
      "mode": "data",
      "type": "google_client_config",
      "name": "default",
      "provider": "provider[\"registry.terraform.io/hashicorp/google\"]",
      "instances": [
        {
          "schema_version": 0,
          "attributes": {
            "default_labels": {},
            "id": "projects/development-485208/regions/eu-west-1/zones/",
            "project": "development-485208",
            "region": "eu-west-1",
            "zone": ""
          },
          "sensitive_attributes": [
            [
              {
                "type": "get_attr",
                "value": "access_token"
              }
            ]
          ],
          "identity_schema_version": 0
        }
      ]
    },
    {
      "mode": "data",
      "type": "google_project",
      "name": "project",
      "provider": "provider[\"registry.terraform.io/hashicorp/google\"]",
      "instances": [
        {
          "schema_version": 0,
          "attributes": {
            "auto_create_network": null,
            "billing_account": "0107BC-39FFCD-FF72F8",
            "deletion_policy": "PREVENT",
            "effective_labels": {
              "environment": "dev"
            },
            "folder_id": "",
            "id": "projects/development-485208",
            "labels": {
              "environment": "dev"
            },
            "name": "Development",
            "number": "578241461072",
            "org_id": "558982106154",
            "project_id": "development-485208",
            "tags": null,
            "terraform_labels": {
              "environment": "dev"
            }
          },
          "sensitive_attributes": [],
          "identity_schema_version": 0
        }
      ]
    },
    {
      "mode": "managed",
      "type": "google_compute_firewall",
      "name": "allow_iap_ssh",
      "provider": "provider[\"registry.terraform.io/hashicorp/google\"]",
      "instances": [
        {
          "schema_version": 1,
          "attributes": {
            "allow": [
              {
                "ports": [
                  "22"
                ],
                "protocol": "tcp"
              }
            ],
            "creation_timestamp": "2026-03-07T09:27:46.158-08:00",
            "deny": [],
            "description": "",
            "destination_ranges": [],
            "direction": "INGRESS",
            "disabled": false,
            "enable_logging": null,
            "id": "projects/development-485208/global/firewalls/allow-iap-ssh",
            "log_config": [],
            "name": "allow-iap-ssh",
            "network": "https://www.googleapis.com/compute/v1/projects/development-485208/global/networks/agent-engine-cluster-vpc",
            "params": [],
            "priority": 1000,
            "project": "development-485208",
            "self_link": "https://www.googleapis.com/compute/v1/projects/development-485208/global/firewalls/allow-iap-ssh",
            "source_ranges": [
              "35.235.240.0/20"
            ],
            "source_service_accounts": null,
            "source_tags": null,
            "target_service_accounts": null,
            "target_tags": [
              "bastion"
            ],
            "timeouts": null
          },
          "sensitive_attributes": [],
          "identity_schema_version": 0,
          "private": "eyJlMmJmYjczMC1lY2FhLTExZTYtOGY4OC0zNDM2M2JjN2M0YzAiOnsiY3JlYXRlIjoxMjAwMDAwMDAwMDAwLCJkZWxldGUiOjEyMDAwMDAwMDAwMDAsInVwZGF0ZSI6MTIwMDAwMDAwMDAwMH0sInNjaGVtYV92ZXJzaW9uIjoiMSJ9",
          "dependencies": [
            "google_compute_network.vpc"
          ]
        }
      ]
    },
    {
      "mode": "managed",
      "type": "google_compute_network",
      "name": "vpc",
      "provider": "provider[\"registry.terraform.io/hashicorp/google\"]",
      "instances": [
        {
          "schema_version": 0,
          "attributes": {
            "auto_create_subnetworks": false,
            "bgp_always_compare_med": false,
            "bgp_best_path_selection_mode": "LEGACY",
            "bgp_inter_region_cost": "",
            "delete_bgp_always_compare_med": false,
            "delete_default_routes_on_create": false,
            "description": "",
            "enable_ula_internal_ipv6": false,
            "gateway_ipv4": "",
            "id": "projects/development-485208/global/networks/agent-engine-cluster-vpc",
            "internal_ipv6_range": "",
            "mtu": 0,
            "name": "agent-engine-cluster-vpc",
            "network_firewall_policy_enforcement_order": "AFTER_CLASSIC_FIREWALL",
            "network_id": "8900589678374281512",
            "network_profile": "",
            "numeric_id": "8900589678374281512",
            "params": [],
            "project": "development-485208",
            "routing_mode": "REGIONAL",
            "self_link": "https://www.googleapis.com/compute/v1/projects/development-485208/global/networks/agent-engine-cluster-vpc",
            "timeouts": null
          },
          "sensitive_attributes": [],
          "identity_schema_version": 0,
          "private": "eyJlMmJmYjczMC1lY2FhLTExZTYtOGY4OC0zNDM2M2JjN2M0YzAiOnsiY3JlYXRlIjoxMjAwMDAwMDAwMDAwLCJkZWxldGUiOjEyMDAwMDAwMDAwMDAsInVwZGF0ZSI6MTIwMDAwMDAwMDAwMH19"
        }
      ]
    },
    {
      "mode": "managed",
      "type": "google_project_iam_member",
      "name": "auditor_vertex",
      "provider": "provider[\"registry.terraform.io/hashicorp/google\"]",
      "instances": [
        {
          "schema_version": 0,
          "attributes": {
            "condition": [],
            "etag": "BwZMcnmGRIY=",
            "id": "development-485208/roles/aiplatform.user/serviceAccount:sa-auditor@development-485208.iam.gserviceaccount.com",
            "member": "serviceAccount:sa-auditor@development-485208.iam.gserviceaccount.com",
            "project": "development-485208",
            "role": "roles/aiplatform.user"
          },
          "sensitive_attributes": [],
          "identity_schema_version": 0,
          "private": "bnVsbA==",
          "dependencies": [
            "google_service_account.sa_auditor"
          ]
        }
      ]
    },
    {
      "mode": "managed",
      "type": "google_project_iam_member",
      "name": "classifier_vertex",
      "provider": "provider[\"registry.terraform.io/hashicorp/google\"]",
      "instances": [
        {
          "schema_version": 0,
          "attributes": {
            "condition": [],
            "etag": "BwZMcnnq1FE=",
            "id": "development-485208/roles/aiplatform.user/serviceAccount:sa-classifier@development-485208.iam.gserviceaccount.com",
            "member": "serviceAccount:sa-classifier@development-485208.iam.gserviceaccount.com",
            "project": "development-485208",
            "role": "roles/aiplatform.user"
          },
          "sensitive_attributes": [],
          "identity_schema_version": 0,
          "private": "bnVsbA==",
          "dependencies": [
            "google_service_account.sa_classifier"
          ]
        }
      ]
    },
    {
      "mode": "managed",
      "type": "google_project_iam_member",
      "name": "reporter_vertex",
      "provider": "provider[\"registry.terraform.io/hashicorp/google\"]",
      "instances": [
        {
          "schema_version": 0,
          "attributes": {
            "condition": [],
            "etag": "BwZMcnmGRIY=",
            "id": "development-485208/roles/aiplatform.user/serviceAccount:sa-reporter@development-485208.iam.gserviceaccount.com",
            "member": "serviceAccount:sa-reporter@development-485208.iam.gserviceaccount.com",
            "project": "development-485208",
            "role": "roles/aiplatform.user"
          },
          "sensitive_attributes": [],
          "identity_schema_version": 0,
          "private": "bnVsbA==",
          "dependencies": [
            "google_service_account.sa_reporter"
          ]
        }
      ]
    },
    {
      "mode": "managed",
      "type": "google_project_iam_member",
      "name": "vuln_vertex",
      "provider": "provider[\"registry.terraform.io/hashicorp/google\"]",
      "instances": [
        {
          "schema_version": 0,
          "attributes": {
            "condition": [],
            "etag": "BwZMcnnq1FE=",
            "id": "development-485208/roles/aiplatform.user/serviceAccount:sa-vuln@development-485208.iam.gserviceaccount.com",
            "member": "serviceAccount:sa-vuln@development-485208.iam.gserviceaccount.com",
            "project": "development-485208",
            "role": "roles/aiplatform.user"
          },
          "sensitive_attributes": [],
          "identity_schema_version": 0,
          "private": "bnVsbA==",
          "dependencies": [
            "google_service_account.sa_vuln"
          ]
        }
      ]
    },
    {
      "mode": "managed",
      "type": "google_project_service",
      "name": "cloudkms",
      "provider": "provider[\"registry.terraform.io/hashicorp/google\"]",
      "instances": [
        {
          "schema_version": 0,
          "attributes": {
            "disable_dependent_services": null,
            "disable_on_destroy": false,
            "id": "development-485208/cloudkms.googleapis.com",
            "project": "development-485208",
            "service": "cloudkms.googleapis.com",
            "timeouts": null
          },
          "sensitive_attributes": [],
          "identity_schema_version": 0,
          "private": "eyJlMmJmYjczMC1lY2FhLTExZTYtOGY4OC0zNDM2M2JjN2M0YzAiOnsiY3JlYXRlIjoxMjAwMDAwMDAwMDAwLCJkZWxldGUiOjEyMDAwMDAwMDAwMDAsInJlYWQiOjYwMDAwMDAwMDAwMCwidXBkYXRlIjoxMjAwMDAwMDAwMDAwfX0="
        }
      ]
    },
    {
      "mode": "managed",
      "type": "google_project_service",
      "name": "secretmanager",
      "provider": "provider[\"registry.terraform.io/hashicorp/google\"]",
      "instances": [
        {
          "schema_version": 0,
          "attributes": {
            "disable_dependent_services": null,
            "disable_on_destroy": false,
            "id": "development-485208/secretmanager.googleapis.com",
            "project": "development-485208",
            "service": "secretmanager.googleapis.com",
            "timeouts": null
          },
          "sensitive_attributes": [],
          "identity_schema_version": 0,
          "private": "eyJlMmJmYjczMC1lY2FhLTExZTYtOGY4OC0zNDM2M2JjN2M0YzAiOnsiY3JlYXRlIjoxMjAwMDAwMDAwMDAwLCJkZWxldGUiOjEyMDAwMDAwMDAwMDAsInJlYWQiOjYwMDAwMDAwMDAwMCwidXBkYXRlIjoxMjAwMDAwMDAwMDAwfX0="
        }
      ]
    },
    {
      "mode": "managed",
      "type": "google_project_service_identity",
      "name": "secretmanager_agent",
      "provider": "provider[\"registry.terraform.io/hashicorp/google-beta\"]",
      "instances": [
        {
          "schema_version": 0,
          "attributes": {
            "email": "service-578241461072@gcp-sa-secretmanager.iam.gserviceaccount.com",
            "id": "projects/development-485208/services/secretmanager.googleapis.com",
            "member": "serviceAccount:service-578241461072@gcp-sa-secretmanager.iam.gserviceaccount.com",
            "project": "development-485208",
            "service": "secretmanager.googleapis.com",
            "timeouts": null
          },
          "sensitive_attributes": [],
          "identity_schema_version": 0,
          "private": "eyJlMmJmYjczMC1lY2FhLTExZTYtOGY4OC0zNDM2M2JjN2M0YzAiOnsiY3JlYXRlIjoxMjAwMDAwMDAwMDAwLCJkZWxldGUiOjEyMDAwMDAwMDAwMDAsInJlYWQiOjYwMDAwMDAwMDAwMH19",
          "dependencies": [
            "data.google_project.project"
          ]
        }
      ]
    },
    {
      "mode": "managed",
      "type": "google_service_account",
      "name": "bastion_sa",
      "provider": "provider[\"registry.terraform.io/hashicorp/google\"]",
      "instances": [
        {
          "schema_version": 0,
          "attributes": {
            "account_id": "bastion-sa",
            "create_ignore_already_exists": null,
            "description": "",
            "disabled": false,
            "display_name": "Bastion Host Service Account",
            "email": "bastion-sa@development-485208.iam.gserviceaccount.com",
            "id": "projects/development-485208/serviceAccounts/bastion-sa@development-485208.iam.gserviceaccount.com",
            "member": "serviceAccount:bastion-sa@development-485208.iam.gserviceaccount.com",
            "name": "projects/development-485208/serviceAccounts/bastion-sa@development-485208.iam.gserviceaccount.com",
            "project": "development-485208",
            "timeouts": null,
            "unique_id": "115144659190973070637"
          },
          "sensitive_attributes": [],
          "identity_schema_version": 0,
          "private": "eyJlMmJmYjczMC1lY2FhLTExZTYtOGY4OC0zNDM2M2JjN2M0YzAiOnsiY3JlYXRlIjozMDAwMDAwMDAwMDB9fQ=="
        }
      ]
    },
    {
      "mode": "managed",
      "type": "google_service_account",
      "name": "sa_auditor",
      "provider": "provider[\"registry.terraform.io/hashicorp/google\"]",
      "instances": [
        {
          "schema_version": 0,
          "attributes": {
            "account_id": "sa-auditor",
            "create_ignore_already_exists": null,
            "description": "",
            "disabled": false,
            "display_name": "Agent: Regulatory Auditor",
            "email": "sa-auditor@development-485208.iam.gserviceaccount.com",
            "id": "projects/development-485208/serviceAccounts/sa-auditor@development-485208.iam.gserviceaccount.com",
            "member": "serviceAccount:sa-auditor@development-485208.iam.gserviceaccount.com",
            "name": "projects/development-485208/serviceAccounts/sa-auditor@development-485208.iam.gserviceaccount.com",
            "project": "development-485208",
            "timeouts": null,
            "unique_id": "108069834679095708876"
          },
          "sensitive_attributes": [],
          "identity_schema_version": 0,
          "private": "eyJlMmJmYjczMC1lY2FhLTExZTYtOGY4OC0zNDM2M2JjN2M0YzAiOnsiY3JlYXRlIjozMDAwMDAwMDAwMDB9fQ=="
        }
      ]
    },
    {
      "mode": "managed",
      "type": "google_service_account",
      "name": "sa_classifier",
      "provider": "provider[\"registry.terraform.io/hashicorp/google\"]",
      "instances": [
        {
          "schema_version": 0,
          "attributes": {
            "account_id": "sa-classifier",
            "create_ignore_already_exists": null,
            "description": "",
            "disabled": false,
            "display_name": "Agent: Scope Classifier",
            "email": "sa-classifier@development-485208.iam.gserviceaccount.com",
            "id": "projects/development-485208/serviceAccounts/sa-classifier@development-485208.iam.gserviceaccount.com",
            "member": "serviceAccount:sa-classifier@development-485208.iam.gserviceaccount.com",
            "name": "projects/development-485208/serviceAccounts/sa-classifier@development-485208.iam.gserviceaccount.com",
            "project": "development-485208",
            "timeouts": null,
            "unique_id": "106798822920976375392"
          },
          "sensitive_attributes": [],
          "identity_schema_version": 0,
          "private": "eyJlMmJmYjczMC1lY2FhLTExZTYtOGY4OC0zNDM2M2JjN2M0YzAiOnsiY3JlYXRlIjozMDAwMDAwMDAwMDB9fQ=="
        }
      ]
    },
    {
      "mode": "managed",
      "type": "google_service_account",
      "name": "sa_reporter",
      "provider": "provider[\"registry.terraform.io/hashicorp/google\"]",
      "instances": [
        {
          "schema_version": 0,
          "attributes": {
            "account_id": "sa-reporter",
            "create_ignore_already_exists": null,
            "description": "",
            "disabled": false,
            "display_name": "Agent: Compliance Reporter",
            "email": "sa-reporter@development-485208.iam.gserviceaccount.com",
            "id": "projects/development-485208/serviceAccounts/sa-reporter@development-485208.iam.gserviceaccount.com",
            "member": "serviceAccount:sa-reporter@development-485208.iam.gserviceaccount.com",
            "name": "projects/development-485208/serviceAccounts/sa-reporter@development-485208.iam.gserviceaccount.com",
            "project": "development-485208",
            "timeouts": null,
            "unique_id": "112120890645481082427"
          },
          "sensitive_attributes": [],
          "identity_schema_version": 0,
          "private": "eyJlMmJmYjczMC1lY2FhLTExZTYtOGY4OC0zNDM2M2JjN2M0YzAiOnsiY3JlYXRlIjozMDAwMDAwMDAwMDB9fQ=="
        }
      ]
    },
    {
      "mode": "managed",
      "type": "google_service_account",
      "name": "sa_vuln",
      "provider": "provider[\"registry.terraform.io/hashicorp/google\"]",
      "instances": [
        {
          "schema_version": 0,
          "attributes": {
            "account_id": "sa-vuln",
            "create_ignore_already_exists": null,
            "description": "",
            "disabled": false,
            "display_name": "Agent: Vulnerability Watchdog",
            "email": "sa-vuln@development-485208.iam.gserviceaccount.com",
            "id": "projects/development-485208/serviceAccounts/sa-vuln@development-485208.iam.gserviceaccount.com",
            "member": "serviceAccount:sa-vuln@development-485208.iam.gserviceaccount.com",
            "name": "projects/development-485208/serviceAccounts/sa-vuln@development-485208.iam.gserviceaccount.com",
            "project": "development-485208",
            "timeouts": null,
            "unique_id": "114647666008103405907"
          },
          "sensitive_attributes": [],
          "identity_schema_version": 0,
          "private": "eyJlMmJmYjczMC1lY2FhLTExZTYtOGY4OC0zNDM2M2JjN2M0YzAiOnsiY3JlYXRlIjozMDAwMDAwMDAwMDB9fQ=="
        }
      ]
    }
  ],
  "check_results": null
}
